{
  "name": "NewProject_2",
  "lockfileVersion": 2,
  "requires": true,
  "packages": {
    "": {
      "name": "NewProject_2",
      "dependencies": {
        "umtrack-quickgame": "^2.8.0"
      },
      "devDependencies": {
        "@types/node": "^18.16.0"
      }
    },
    "node_modules/@types/node": {
      "version": "18.16.0",
      "resolved": "https://registry.npmjs.org/@types/node/-/node-18.16.0.tgz",
      "integrity": "sha512-BsAaKhB+7X+H4GnSjGhJG9Qi8Tw+inU9nJDwmD5CgOmBLEI6ArdhikpLX7DjbjDRDTbqZzU2LSQNZg8WGPiSZQ==",
      "dev": true
    },
    "node_modules/umtrack-quickgame": {
      "version": "2.8.0",
      "resolved": "https://registry.npmjs.org/umtrack-quickgame/-/umtrack-quickgame-2.8.0.tgz",
      "integrity": "sha512-flH2DXpOwzzcfZezVtaGb6zZZN6BHUxAyoftL+5bDQGwgQFG4TxN44uWcAw6py0JzC8RwF4vpo7xjZWPSRXDww=="
    }
  },
  "dependencies": {
    "@types/node": {
      "version": "18.16.0",
      "resolved": "https://registry.npmjs.org/@types/node/-/node-18.16.0.tgz",
      "integrity": "sha512-BsAaKhB+7X+H4GnSjGhJG9Qi8Tw+inU9nJDwmD5CgOmBLEI6ArdhikpLX7DjbjDRDTbqZzU2LSQNZg8WGPiSZQ==",
      "dev": true
    },
    "umtrack-quickgame": {
      "version": "2.8.0",
      "resolved": "https://registry.npmjs.org/umtrack-quickgame/-/umtrack-quickgame-2.8.0.tgz",
      "integrity": "sha512-flH2DXpOwzzcfZezVtaGb6zZZN6BHUxAyoftL+5bDQGwgQFG4TxN44uWcAw6py0JzC8RwF4vpo7xjZWPSRXDww=="
    }
  }
}
